
Microsoft Visual Studio Solution File, Format Version 12.00
# Visual Studio Version 17
VisualStudioVersion = 17.5.33424.131
MinimumVisualStudioVersion = 10.0.40219.1
Project("{9A19103F-16F7-4668-BE54-9A1E7A4F7556}") = "TabCount.Module", "TabCount.Module\TabCount.Module.csproj", "{3BCF0AC5-6BC3-420A-A7D2-062CE57DAEEC}"
EndProject
Project("{9A19103F-16F7-4668-BE54-9A1E7A4F7556}") = "TabCount.Win", "TabCount.Win\TabCount.Win.csproj", "{98196CD5-7DAA-4E63-BA99-2F17A36B68CD}"
EndProject
Project("{9A19103F-16F7-4668-BE54-9A1E7A4F7556}") = "TabCount.Blazor.Server", "TabCount.Blazor.Server\TabCount.Blazor.Server.csproj", "{B50523CB-2B06-492E-9E9F-8250AD8347D9}"
EndProject
Global
	GlobalSection(SolutionConfigurationPlatforms) = preSolution
		Debug|Any CPU = Debug|Any CPU
		EasyTest|Any CPU = EasyTest|Any CPU
		Release|Any CPU = Release|Any CPU
	EndGlobalSection
	GlobalSection(ProjectConfigurationPlatforms) = postSolution
		{3BCF0AC5-6BC3-420A-A7D2-062CE57DAEEC}.Debug|Any CPU.ActiveCfg = Debug|Any CPU
		{3BCF0AC5-6BC3-420A-A7D2-062CE57DAEEC}.Debug|Any CPU.Build.0 = Debug|Any CPU
		{3BCF0AC5-6BC3-420A-A7D2-062CE57DAEEC}.EasyTest|Any CPU.ActiveCfg = EasyTest|Any CPU
		{3BCF0AC5-6BC3-420A-A7D2-062CE57DAEEC}.EasyTest|Any CPU.Build.0 = EasyTest|Any CPU
		{3BCF0AC5-6BC3-420A-A7D2-062CE57DAEEC}.Release|Any CPU.ActiveCfg = Release|Any CPU
		{3BCF0AC5-6BC3-420A-A7D2-062CE57DAEEC}.Release|Any CPU.Build.0 = Release|Any CPU
		{98196CD5-7DAA-4E63-BA99-2F17A36B68CD}.Debug|Any CPU.ActiveCfg = Debug|Any CPU
		{98196CD5-7DAA-4E63-BA99-2F17A36B68CD}.Debug|Any CPU.Build.0 = Debug|Any CPU
		{98196CD5-7DAA-4E63-BA99-2F17A36B68CD}.EasyTest|Any CPU.ActiveCfg = EasyTest|Any CPU
		{98196CD5-7DAA-4E63-BA99-2F17A36B68CD}.EasyTest|Any CPU.Build.0 = EasyTest|Any CPU
		{98196CD5-7DAA-4E63-BA99-2F17A36B68CD}.Release|Any CPU.ActiveCfg = Release|Any CPU
		{98196CD5-7DAA-4E63-BA99-2F17A36B68CD}.Release|Any CPU.Build.0 = Release|Any CPU
		{B50523CB-2B06-492E-9E9F-8250AD8347D9}.Debug|Any CPU.ActiveCfg = Debug|Any CPU
		{B50523CB-2B06-492E-9E9F-8250AD8347D9}.Debug|Any CPU.Build.0 = Debug|Any CPU
		{B50523CB-2B06-492E-9E9F-8250AD8347D9}.EasyTest|Any CPU.ActiveCfg = EasyTest|Any CPU
		{B50523CB-2B06-492E-9E9F-8250AD8347D9}.EasyTest|Any CPU.Build.0 = EasyTest|Any CPU
		{B50523CB-2B06-492E-9E9F-8250AD8347D9}.Release|Any CPU.ActiveCfg = Release|Any CPU
		{B50523CB-2B06-492E-9E9F-8250AD8347D9}.Release|Any CPU.Build.0 = Release|Any CPU
	EndGlobalSection
	GlobalSection(SolutionProperties) = preSolution
		HideSolutionNode = FALSE
	EndGlobalSection
EndGlobal
