
Microsoft Visual Studio Solution File, Format Version 12.00
# Visual Studio Version 16
VisualStudioVersion = 16.0.30517.126
MinimumVisualStudioVersion = 10.0.40219.1
Project("{2150E333-8FDC-42A3-9474-1A3956D46DE8}") = "Module", "Module", "{90E1F25C-E2DE-4B6E-87A2-95020EAEBA1F}"
EndProject
Project("{2150E333-8FDC-42A3-9474-1A3956D46DE8}") = "CS", "CS", "{F1D45868-AB0E-4434-ADC0-1F2EECEC100D}"
EndProject
Project("{9A19103F-16F7-4668-BE54-9A1E7A4F7556}") = "DetailViewTabCount.Module", "Module\CS\DetailViewTabCount.Module\DetailViewTabCount.Module.csproj", "{078B7A4C-A14C-46E0-AA34-71317F97E08B}"
EndProject
Project("{2150E333-8FDC-42A3-9474-1A3956D46DE8}") = "ASP.NET", "ASP.NET", "{6E0E43E7-596A-48AB-8499-F4C230F5BF92}"
EndProject
Project("{2150E333-8FDC-42A3-9474-1A3956D46DE8}") = "WinForms", "WinForms", "{D34A5BD1-8695-4A75-B95B-6E6F48C8CDAC}"
EndProject
Project("{2150E333-8FDC-42A3-9474-1A3956D46DE8}") = "CS", "CS", "{EA521853-420E-4244-BA25-3447333D5AC6}"
EndProject
Project("{9A19103F-16F7-4668-BE54-9A1E7A4F7556}") = "DetailViewTabCount.Module.Win", "WinForms\CS\DetailViewTabCount.Module.Win\DetailViewTabCount.Module.Win.csproj", "{86870B05-0E0A-495A-ACE6-1B4DEFDDD5D4}"
EndProject
Project("{9A19103F-16F7-4668-BE54-9A1E7A4F7556}") = "DetailViewTabCount.Win", "WinForms\CS\DetailViewTabCount.Win\DetailViewTabCount.Win.csproj", "{50F5D84D-78BC-4066-B70A-7EA1074B0F1C}"
EndProject
Project("{2150E333-8FDC-42A3-9474-1A3956D46DE8}") = "Blazor", "Blazor", "{5B627981-8B21-4CB9-9861-C799C4B7A3CE}"
EndProject
Project("{2150E333-8FDC-42A3-9474-1A3956D46DE8}") = "WebForms", "WebForms", "{ADFB2F5E-3412-4E87-9A8A-EA2F5CA950F4}"
EndProject
Project("{9A19103F-16F7-4668-BE54-9A1E7A4F7556}") = "DetailViewTabCount.Module.Blazor", "ASP.NET\Blazor\DetailViewTabCount.Module.Blazor\DetailViewTabCount.Module.Blazor.csproj", "{B63840F6-F13C-46EB-83F6-C45098F43B25}"
EndProject
Project("{9A19103F-16F7-4668-BE54-9A1E7A4F7556}") = "DetailViewTabCount.Blazor.Server", "ASP.NET\Blazor\DetailViewTabCount.Blazor.Server\DetailViewTabCount.Blazor.Server.csproj", "{1276143E-2BFA-456C-9CDF-90C149B92A69}"
EndProject
Project("{2150E333-8FDC-42A3-9474-1A3956D46DE8}") = "CS", "CS", "{4ED66846-A768-4BFD-B671-177D3CB27B75}"
EndProject
Project("{FAE04EC0-301F-11D3-BF4B-00C04F79EFBC}") = "DetailViewTabCount.Module.Web", "ASP.NET\WebForms\CS\DetailViewTabCount.Module.Web\DetailViewTabCount.Module.Web.csproj", "{81953526-BF5B-4EA3-8075-342D0730B9AA}"
EndProject
Project("{FAE04EC0-301F-11D3-BF4B-00C04F79EFBC}") = "DetailViewTabCount.Web", "ASP.NET\WebForms\CS\DetailViewTabCount.Web\DetailViewTabCount.Web.csproj", "{97A8C63C-573B-4873-8F5F-09003FD5A1CC}"
EndProject
Global
	GlobalSection(SolutionConfigurationPlatforms) = preSolution
		Debug|Any CPU = Debug|Any CPU
		EasyTest|Any CPU = EasyTest|Any CPU
		Release|Any CPU = Release|Any CPU
	EndGlobalSection
	GlobalSection(ProjectConfigurationPlatforms) = postSolution
		{078B7A4C-A14C-46E0-AA34-71317F97E08B}.Debug|Any CPU.ActiveCfg = Debug|Any CPU
		{078B7A4C-A14C-46E0-AA34-71317F97E08B}.Debug|Any CPU.Build.0 = Debug|Any CPU
		{078B7A4C-A14C-46E0-AA34-71317F97E08B}.EasyTest|Any CPU.ActiveCfg = EasyTest|Any CPU
		{078B7A4C-A14C-46E0-AA34-71317F97E08B}.EasyTest|Any CPU.Build.0 = EasyTest|Any CPU
		{078B7A4C-A14C-46E0-AA34-71317F97E08B}.Release|Any CPU.ActiveCfg = Release|Any CPU
		{078B7A4C-A14C-46E0-AA34-71317F97E08B}.Release|Any CPU.Build.0 = Release|Any CPU
		{86870B05-0E0A-495A-ACE6-1B4DEFDDD5D4}.Debug|Any CPU.ActiveCfg = Debug|Any CPU
		{86870B05-0E0A-495A-ACE6-1B4DEFDDD5D4}.Debug|Any CPU.Build.0 = Debug|Any CPU
		{86870B05-0E0A-495A-ACE6-1B4DEFDDD5D4}.EasyTest|Any CPU.ActiveCfg = Release|Any CPU
		{86870B05-0E0A-495A-ACE6-1B4DEFDDD5D4}.EasyTest|Any CPU.Build.0 = Release|Any CPU
		{86870B05-0E0A-495A-ACE6-1B4DEFDDD5D4}.Release|Any CPU.ActiveCfg = Release|Any CPU
		{86870B05-0E0A-495A-ACE6-1B4DEFDDD5D4}.Release|Any CPU.Build.0 = Release|Any CPU
		{50F5D84D-78BC-4066-B70A-7EA1074B0F1C}.Debug|Any CPU.ActiveCfg = Debug|Any CPU
		{50F5D84D-78BC-4066-B70A-7EA1074B0F1C}.Debug|Any CPU.Build.0 = Debug|Any CPU
		{50F5D84D-78BC-4066-B70A-7EA1074B0F1C}.EasyTest|Any CPU.ActiveCfg = Release|Any CPU
		{50F5D84D-78BC-4066-B70A-7EA1074B0F1C}.EasyTest|Any CPU.Build.0 = Release|Any CPU
		{50F5D84D-78BC-4066-B70A-7EA1074B0F1C}.Release|Any CPU.ActiveCfg = Release|Any CPU
		{50F5D84D-78BC-4066-B70A-7EA1074B0F1C}.Release|Any CPU.Build.0 = Release|Any CPU
		{B63840F6-F13C-46EB-83F6-C45098F43B25}.Debug|Any CPU.ActiveCfg = Debug|Any CPU
		{B63840F6-F13C-46EB-83F6-C45098F43B25}.Debug|Any CPU.Build.0 = Debug|Any CPU
		{B63840F6-F13C-46EB-83F6-C45098F43B25}.EasyTest|Any CPU.ActiveCfg = EasyTest|Any CPU
		{B63840F6-F13C-46EB-83F6-C45098F43B25}.EasyTest|Any CPU.Build.0 = EasyTest|Any CPU
		{B63840F6-F13C-46EB-83F6-C45098F43B25}.Release|Any CPU.ActiveCfg = Release|Any CPU
		{B63840F6-F13C-46EB-83F6-C45098F43B25}.Release|Any CPU.Build.0 = Release|Any CPU
		{1276143E-2BFA-456C-9CDF-90C149B92A69}.Debug|Any CPU.ActiveCfg = Debug|Any CPU
		{1276143E-2BFA-456C-9CDF-90C149B92A69}.Debug|Any CPU.Build.0 = Debug|Any CPU
		{1276143E-2BFA-456C-9CDF-90C149B92A69}.EasyTest|Any CPU.ActiveCfg = EasyTest|Any CPU
		{1276143E-2BFA-456C-9CDF-90C149B92A69}.EasyTest|Any CPU.Build.0 = EasyTest|Any CPU
		{1276143E-2BFA-456C-9CDF-90C149B92A69}.Release|Any CPU.ActiveCfg = Release|Any CPU
		{1276143E-2BFA-456C-9CDF-90C149B92A69}.Release|Any CPU.Build.0 = Release|Any CPU
		{81953526-BF5B-4EA3-8075-342D0730B9AA}.Debug|Any CPU.ActiveCfg = Debug|Any CPU
		{81953526-BF5B-4EA3-8075-342D0730B9AA}.Debug|Any CPU.Build.0 = Debug|Any CPU
		{81953526-BF5B-4EA3-8075-342D0730B9AA}.EasyTest|Any CPU.ActiveCfg = EasyTest|Any CPU
		{81953526-BF5B-4EA3-8075-342D0730B9AA}.EasyTest|Any CPU.Build.0 = EasyTest|Any CPU
		{81953526-BF5B-4EA3-8075-342D0730B9AA}.Release|Any CPU.ActiveCfg = Release|Any CPU
		{81953526-BF5B-4EA3-8075-342D0730B9AA}.Release|Any CPU.Build.0 = Release|Any CPU
		{97A8C63C-573B-4873-8F5F-09003FD5A1CC}.Debug|Any CPU.ActiveCfg = Debug|Any CPU
		{97A8C63C-573B-4873-8F5F-09003FD5A1CC}.Debug|Any CPU.Build.0 = Debug|Any CPU
		{97A8C63C-573B-4873-8F5F-09003FD5A1CC}.EasyTest|Any CPU.ActiveCfg = EasyTest|Any CPU
		{97A8C63C-573B-4873-8F5F-09003FD5A1CC}.EasyTest|Any CPU.Build.0 = EasyTest|Any CPU
		{97A8C63C-573B-4873-8F5F-09003FD5A1CC}.Release|Any CPU.ActiveCfg = Release|Any CPU
		{97A8C63C-573B-4873-8F5F-09003FD5A1CC}.Release|Any CPU.Build.0 = Release|Any CPU
	EndGlobalSection
	GlobalSection(SolutionProperties) = preSolution
		HideSolutionNode = FALSE
	EndGlobalSection
	GlobalSection(NestedProjects) = preSolution
		{F1D45868-AB0E-4434-ADC0-1F2EECEC100D} = {90E1F25C-E2DE-4B6E-87A2-95020EAEBA1F}
		{078B7A4C-A14C-46E0-AA34-71317F97E08B} = {F1D45868-AB0E-4434-ADC0-1F2EECEC100D}
		{EA521853-420E-4244-BA25-3447333D5AC6} = {D34A5BD1-8695-4A75-B95B-6E6F48C8CDAC}
		{86870B05-0E0A-495A-ACE6-1B4DEFDDD5D4} = {EA521853-420E-4244-BA25-3447333D5AC6}
		{50F5D84D-78BC-4066-B70A-7EA1074B0F1C} = {EA521853-420E-4244-BA25-3447333D5AC6}
		{5B627981-8B21-4CB9-9861-C799C4B7A3CE} = {6E0E43E7-596A-48AB-8499-F4C230F5BF92}
		{ADFB2F5E-3412-4E87-9A8A-EA2F5CA950F4} = {6E0E43E7-596A-48AB-8499-F4C230F5BF92}
		{B63840F6-F13C-46EB-83F6-C45098F43B25} = {5B627981-8B21-4CB9-9861-C799C4B7A3CE}
		{1276143E-2BFA-456C-9CDF-90C149B92A69} = {5B627981-8B21-4CB9-9861-C799C4B7A3CE}
		{4ED66846-A768-4BFD-B671-177D3CB27B75} = {ADFB2F5E-3412-4E87-9A8A-EA2F5CA950F4}
		{81953526-BF5B-4EA3-8075-342D0730B9AA} = {4ED66846-A768-4BFD-B671-177D3CB27B75}
		{97A8C63C-573B-4873-8F5F-09003FD5A1CC} = {4ED66846-A768-4BFD-B671-177D3CB27B75}
	EndGlobalSection
	GlobalSection(ExtensibilityGlobals) = postSolution
		SolutionGuid = {88FFB707-11FE-410B-9E54-232229C5C287}
	EndGlobalSection
EndGlobal
